
Microsoft Visual Studio Solution File, Format Version 12.00
# Visual Studio 14
VisualStudioVersion = 14.0.24720.0
MinimumVisualStudioVersion = 10.0.40219.1
Project("{F184B08F-C81C-45F6-A57F-5ABD9991F28F}") = "RoomChargeApp", "RoomChargeApp\RoomChargeApp.vbproj", "{C26B7EC1-430A-4D54-BA62-97DF6F1F27FF}"
EndProject
Global
	GlobalSection(SolutionConfigurationPlatforms) = preSolution
		Debug|Any CPU = Debug|Any CPU
		Release|Any CPU = Release|Any CPU
	EndGlobalSection
	GlobalSection(ProjectConfigurationPlatforms) = postSolution
		{C26B7EC1-430A-4D54-BA62-97DF6F1F27FF}.Debug|Any CPU.ActiveCfg = Debug|Any CPU
		{C26B7EC1-430A-4D54-BA62-97DF6F1F27FF}.Debug|Any CPU.Build.0 = Debug|Any CPU
		{C26B7EC1-430A-4D54-BA62-97DF6F1F27FF}.Release|Any CPU.ActiveCfg = Release|Any CPU
		{C26B7EC1-430A-4D54-BA62-97DF6F1F27FF}.Release|Any CPU.Build.0 = Release|Any CPU
	EndGlobalSection
	GlobalSection(SolutionProperties) = preSolution
		HideSolutionNode = FALSE
	EndGlobalSection
EndGlobal
